// !$*UTF8*$!
{
	archiveVersion = 1;
	classes = {
	};
	objectVersion = 56;
	objects = {

/* Begin PBXBuildFile section */
		21B9E0182EEBDFE700B05255 /* TDLibKit in Frameworks */ = {isa = PBXBuildFile; productRef = 21B9E0172EEBDFE700B05255 /* TDLibKit */; };
		A10000010000000000000010 /* TgTemplatesApp.swift in Sources */ = {isa = PBXBuildFile; fileRef = A10000010000000000000000 /* TgTemplatesApp.swift */; };
		A10000020000000000000010 /* ContentView.swift in Sources */ = {isa = PBXBuildFile; fileRef = A10000020000000000000000 /* ContentView.swift */; };
		A10000030000000000000010 /* Template.swift in Sources */ = {isa = PBXBuildFile; fileRef = A10000030000000000000000 /* Template.swift */; };
		A10000040000000000000010 /* TelegramGroup.swift in Sources */ = {isa = PBXBuildFile; fileRef = A10000040000000000000000 /* TelegramGroup.swift */; };
		A10000180000000000000010 /* WidgetTemplate.swift in Sources */ = {isa = PBXBuildFile; fileRef = A10000180000000000000000 /* WidgetTemplate.swift */; };
		A10000050000000000000010 /* TelegramService.swift in Sources */ = {isa = PBXBuildFile; fileRef = A10000050000000000000000 /* TelegramService.swift */; };
		A10000060000000000000010 /* LocationService.swift in Sources */ = {isa = PBXBuildFile; fileRef = A10000060000000000000000 /* LocationService.swift */; };
		A10000070000000000000010 /* TelegramConfig.swift in Sources */ = {isa = PBXBuildFile; fileRef = A10000070000000000000000 /* TelegramConfig.swift */; };
		A10000080000000000000010 /* UserDefaults+AppGroup.swift in Sources */ = {isa = PBXBuildFile; fileRef = A10000080000000000000000 /* UserDefaults+AppGroup.swift */; };
		A10000090000000000000010 /* AuthView.swift in Sources */ = {isa = PBXBuildFile; fileRef = A10000090000000000000000 /* AuthView.swift */; };
		A100000A0000000000000010 /* PhoneInputView.swift in Sources */ = {isa = PBXBuildFile; fileRef = A100000A0000000000000000 /* PhoneInputView.swift */; };
		A100000B0000000000000010 /* CodeInputView.swift in Sources */ = {isa = PBXBuildFile; fileRef = A100000B0000000000000000 /* CodeInputView.swift */; };
		A100000C0000000000000010 /* PasswordInputView.swift in Sources */ = {isa = PBXBuildFile; fileRef = A100000C0000000000000000 /* PasswordInputView.swift */; };
		A100000D0000000000000010 /* ErrorView.swift in Sources */ = {isa = PBXBuildFile; fileRef = A100000D0000000000000000 /* ErrorView.swift */; };
		A100000E0000000000000010 /* TemplateListView.swift in Sources */ = {isa = PBXBuildFile; fileRef = A100000E0000000000000000 /* TemplateListView.swift */; };
		A100000F0000000000000010 /* TemplateEditView.swift in Sources */ = {isa = PBXBuildFile; fileRef = A100000F0000000000000000 /* TemplateEditView.swift */; };
		A10000100000000000000010 /* TemplateButtonView.swift in Sources */ = {isa = PBXBuildFile; fileRef = A10000100000000000000000 /* TemplateButtonView.swift */; };
		A10000110000000000000010 /* IconPickerView.swift in Sources */ = {isa = PBXBuildFile; fileRef = A10000110000000000000000 /* IconPickerView.swift */; };
		A10000120000000000000010 /* GroupPickerView.swift in Sources */ = {isa = PBXBuildFile; fileRef = A10000120000000000000000 /* GroupPickerView.swift */; };
		A10000130000000000000010 /* SettingsView.swift in Sources */ = {isa = PBXBuildFile; fileRef = A10000130000000000000000 /* SettingsView.swift */; };
		A10000140000000000000010 /* Assets.xcassets in Resources */ = {isa = PBXBuildFile; fileRef = A10000140000000000000000 /* Assets.xcassets */; };
		A20000010000000000000010 /* WidgetKit.framework in Frameworks */ = {isa = PBXBuildFile; fileRef = A20000010000000000000000 /* WidgetKit.framework */; };
		A20000020000000000000010 /* SwiftUI.framework in Frameworks */ = {isa = PBXBuildFile; fileRef = A20000020000000000000000 /* SwiftUI.framework */; };
		A20000030000000000000010 /* TgTemplatesWidget.swift in Sources */ = {isa = PBXBuildFile; fileRef = A20000030000000000000000 /* TgTemplatesWidget.swift */; };
		A20000040000000000000010 /* WidgetTemplate.swift in Sources */ = {isa = PBXBuildFile; fileRef = A20000040000000000000000 /* WidgetTemplate.swift */; };
		A20000050000000000000010 /* SendTemplateIntent.swift in Sources */ = {isa = PBXBuildFile; fileRef = A20000050000000000000000 /* SendTemplateIntent.swift */; };
		A20000060000000000000010 /* Assets.xcassets in Resources */ = {isa = PBXBuildFile; fileRef = A20000060000000000000000 /* Assets.xcassets */; };
		A20000070000000000000010 /* TgTemplatesWidgetExtension.appex in Embed Foundation Extensions */ = {isa = PBXBuildFile; fileRef = A20000100000000000000000 /* TgTemplatesWidgetExtension.appex */; settings = {ATTRIBUTES = (RemoveHeadersOnCopy, ); }; };
		A30000010000000000000010 /* TgTemplatesWatchApp.swift in Sources */ = {isa = PBXBuildFile; fileRef = A30000010000000000000000 /* TgTemplatesWatchApp.swift */; };
		A30000020000000000000010 /* ContentView.swift in Sources */ = {isa = PBXBuildFile; fileRef = A30000020000000000000000 /* ContentView.swift */; };
		A30000030000000000000010 /* Assets.xcassets in Resources */ = {isa = PBXBuildFile; fileRef = A30000030000000000000000 /* Assets.xcassets */; };
		A30000040000000000000010 /* TgTemplatesWatch.app in Embed Watch Content */ = {isa = PBXBuildFile; fileRef = A30000100000000000000000 /* TgTemplatesWatch.app */; settings = {ATTRIBUTES = (RemoveHeadersOnCopy, ); }; };
		A30000400000000000000010 /* WidgetTemplate.swift in Sources */ = {isa = PBXBuildFile; fileRef = A30000400000000000000000 /* WidgetTemplate.swift */; };
		A30000410000000000000010 /* UserDefaults+Watch.swift in Sources */ = {isa = PBXBuildFile; fileRef = A30000410000000000000000 /* UserDefaults+Watch.swift */; };
		A30000420000000000000010 /* TemplateListView.swift in Sources */ = {isa = PBXBuildFile; fileRef = A30000420000000000000000 /* TemplateListView.swift */; };
		A30000430000000000000010 /* TemplateRowView.swift in Sources */ = {isa = PBXBuildFile; fileRef = A30000430000000000000000 /* TemplateRowView.swift */; };
		A30000440000000000000010 /* TemplateDetailView.swift in Sources */ = {isa = PBXBuildFile; fileRef = A30000440000000000000000 /* TemplateDetailView.swift */; };
		A30000450000000000000010 /* WatchSendTemplateIntent.swift in Sources */ = {isa = PBXBuildFile; fileRef = A30000450000000000000000 /* WatchSendTemplateIntent.swift */; };
/* End PBXBuildFile section */

/* Begin PBXContainerItemProxy section */
		A20000080000000000000000 /* PBXContainerItemProxy */ = {
			isa = PBXContainerItemProxy;
			containerPortal = A00000000000000000000000 /* Project object */;
			proxyType = 1;
			remoteGlobalIDString = A200000F0000000000000000;
			remoteInfo = TgTemplatesWidgetExtension;
		};
		A30000050000000000000000 /* PBXContainerItemProxy */ = {
			isa = PBXContainerItemProxy;
			containerPortal = A00000000000000000000000 /* Project object */;
			proxyType = 1;
			remoteGlobalIDString = A300000F0000000000000000;
			remoteInfo = TgTemplatesWatch;
		};
/* End PBXContainerItemProxy section */

/* Begin PBXCopyFilesBuildPhase section */
		A200000A0000000000000000 /* Embed Foundation Extensions */ = {
			isa = PBXCopyFilesBuildPhase;
			buildActionMask = 2147483647;
			dstPath = "";
			dstSubfolderSpec = 13;
			files = (
				A20000070000000000000010 /* TgTemplatesWidgetExtension.appex in Embed Foundation Extensions */,
			);
			name = "Embed Foundation Extensions";
			runOnlyForDeploymentPostprocessing = 0;
		};
		A30000060000000000000000 /* Embed Watch Content */ = {
			isa = PBXCopyFilesBuildPhase;
			buildActionMask = 2147483647;
			dstPath = "$(CONTENTS_FOLDER_PATH)/Watch";
			dstSubfolderSpec = 16;
			files = (
				A30000040000000000000010 /* TgTemplatesWatch.app in Embed Watch Content */,
			);
			name = "Embed Watch Content";
			runOnlyForDeploymentPostprocessing = 0;
		};
/* End PBXCopyFilesBuildPhase section */

/* Begin PBXFileReference section */
		A10000010000000000000000 /* TgTemplatesApp.swift */ = {isa = PBXFileReference; lastKnownFileType = sourcecode.swift; path = TgTemplatesApp.swift; sourceTree = "<group>"; };
		A10000020000000000000000 /* ContentView.swift */ = {isa = PBXFileReference; lastKnownFileType = sourcecode.swift; path = ContentView.swift; sourceTree = "<group>"; };
		A10000030000000000000000 /* Template.swift */ = {isa = PBXFileReference; lastKnownFileType = sourcecode.swift; path = Template.swift; sourceTree = "<group>"; };
		A10000040000000000000000 /* TelegramGroup.swift */ = {isa = PBXFileReference; lastKnownFileType = sourcecode.swift; path = TelegramGroup.swift; sourceTree = "<group>"; };
		A10000180000000000000000 /* WidgetTemplate.swift */ = {isa = PBXFileReference; lastKnownFileType = sourcecode.swift; path = WidgetTemplate.swift; sourceTree = "<group>"; };
		A10000050000000000000000 /* TelegramService.swift */ = {isa = PBXFileReference; lastKnownFileType = sourcecode.swift; path = TelegramService.swift; sourceTree = "<group>"; };
		A10000060000000000000000 /* LocationService.swift */ = {isa = PBXFileReference; lastKnownFileType = sourcecode.swift; path = LocationService.swift; sourceTree = "<group>"; };
		A10000070000000000000000 /* TelegramConfig.swift */ = {isa = PBXFileReference; lastKnownFileType = sourcecode.swift; path = TelegramConfig.swift; sourceTree = "<group>"; };
		A10000080000000000000000 /* UserDefaults+AppGroup.swift */ = {isa = PBXFileReference; lastKnownFileType = sourcecode.swift; path = "UserDefaults+AppGroup.swift"; sourceTree = "<group>"; };
		A10000090000000000000000 /* AuthView.swift */ = {isa = PBXFileReference; lastKnownFileType = sourcecode.swift; path = AuthView.swift; sourceTree = "<group>"; };
		A100000A0000000000000000 /* PhoneInputView.swift */ = {isa = PBXFileReference; lastKnownFileType = sourcecode.swift; path = PhoneInputView.swift; sourceTree = "<group>"; };
		A100000B0000000000000000 /* CodeInputView.swift */ = {isa = PBXFileReference; lastKnownFileType = sourcecode.swift; path = CodeInputView.swift; sourceTree = "<group>"; };
		A100000C0000000000000000 /* PasswordInputView.swift */ = {isa = PBXFileReference; lastKnownFileType = sourcecode.swift; path = PasswordInputView.swift; sourceTree = "<group>"; };
		A100000D0000000000000000 /* ErrorView.swift */ = {isa = PBXFileReference; lastKnownFileType = sourcecode.swift; path = ErrorView.swift; sourceTree = "<group>"; };
		A100000E0000000000000000 /* TemplateListView.swift */ = {isa = PBXFileReference; lastKnownFileType = sourcecode.swift; path = TemplateListView.swift; sourceTree = "<group>"; };
		A100000F0000000000000000 /* TemplateEditView.swift */ = {isa = PBXFileReference; lastKnownFileType = sourcecode.swift; path = TemplateEditView.swift; sourceTree = "<group>"; };
		A10000100000000000000000 /* TemplateButtonView.swift */ = {isa = PBXFileReference; lastKnownFileType = sourcecode.swift; path = TemplateButtonView.swift; sourceTree = "<group>"; };
		A10000110000000000000000 /* IconPickerView.swift */ = {isa = PBXFileReference; lastKnownFileType = sourcecode.swift; path = IconPickerView.swift; sourceTree = "<group>"; };
		A10000120000000000000000 /* GroupPickerView.swift */ = {isa = PBXFileReference; lastKnownFileType = sourcecode.swift; path = GroupPickerView.swift; sourceTree = "<group>"; };
		A10000130000000000000000 /* SettingsView.swift */ = {isa = PBXFileReference; lastKnownFileType = sourcecode.swift; path = SettingsView.swift; sourceTree = "<group>"; };
		A10000140000000000000000 /* Assets.xcassets */ = {isa = PBXFileReference; lastKnownFileType = folder.assetcatalog; path = Assets.xcassets; sourceTree = "<group>"; };
		A10000150000000000000000 /* TgTemplates.app */ = {isa = PBXFileReference; explicitFileType = wrapper.application; includeInIndex = 0; path = TgTemplates.app; sourceTree = BUILT_PRODUCTS_DIR; };
		A10000160000000000000000 /* Info.plist */ = {isa = PBXFileReference; lastKnownFileType = text.plist.xml; path = Info.plist; sourceTree = "<group>"; };
		A10000170000000000000000 /* TgTemplates.entitlements */ = {isa = PBXFileReference; lastKnownFileType = text.plist.entitlements; path = TgTemplates.entitlements; sourceTree = "<group>"; };
		A20000010000000000000000 /* WidgetKit.framework */ = {isa = PBXFileReference; lastKnownFileType = wrapper.framework; name = WidgetKit.framework; path = System/Library/Frameworks/WidgetKit.framework; sourceTree = SDKROOT; };
		A20000020000000000000000 /* SwiftUI.framework */ = {isa = PBXFileReference; lastKnownFileType = wrapper.framework; name = SwiftUI.framework; path = System/Library/Frameworks/SwiftUI.framework; sourceTree = SDKROOT; };
		A20000030000000000000000 /* TgTemplatesWidget.swift */ = {isa = PBXFileReference; lastKnownFileType = sourcecode.swift; path = TgTemplatesWidget.swift; sourceTree = "<group>"; };
		A20000040000000000000000 /* WidgetTemplate.swift */ = {isa = PBXFileReference; lastKnownFileType = sourcecode.swift; path = WidgetTemplate.swift; sourceTree = "<group>"; };
		A20000050000000000000000 /* SendTemplateIntent.swift */ = {isa = PBXFileReference; lastKnownFileType = sourcecode.swift; path = SendTemplateIntent.swift; sourceTree = "<group>"; };
		A20000060000000000000000 /* Assets.xcassets */ = {isa = PBXFileReference; lastKnownFileType = folder.assetcatalog; path = Assets.xcassets; sourceTree = "<group>"; };
		A20000100000000000000000 /* TgTemplatesWidgetExtension.appex */ = {isa = PBXFileReference; explicitFileType = "wrapper.app-extension"; includeInIndex = 0; path = TgTemplatesWidgetExtension.appex; sourceTree = BUILT_PRODUCTS_DIR; };
		A20000110000000000000000 /* Info.plist */ = {isa = PBXFileReference; lastKnownFileType = text.plist.xml; path = Info.plist; sourceTree = "<group>"; };
		A20000120000000000000000 /* TgTemplatesWidgetExtension.entitlements */ = {isa = PBXFileReference; lastKnownFileType = text.plist.entitlements; path = TgTemplatesWidgetExtension.entitlements; sourceTree = "<group>"; };
		A30000010000000000000000 /* TgTemplatesWatchApp.swift */ = {isa = PBXFileReference; lastKnownFileType = sourcecode.swift; path = TgTemplatesWatchApp.swift; sourceTree = "<group>"; };
		A30000020000000000000000 /* ContentView.swift */ = {isa = PBXFileReference; lastKnownFileType = sourcecode.swift; path = ContentView.swift; sourceTree = "<group>"; };
		A30000030000000000000000 /* Assets.xcassets */ = {isa = PBXFileReference; lastKnownFileType = folder.assetcatalog; path = Assets.xcassets; sourceTree = "<group>"; };
		A30000070000000000000000 /* TgTemplatesWatch.entitlements */ = {isa = PBXFileReference; lastKnownFileType = text.plist.entitlements; path = TgTemplatesWatch.entitlements; sourceTree = "<group>"; };
		A30000100000000000000000 /* TgTemplatesWatch.app */ = {isa = PBXFileReference; explicitFileType = wrapper.application; includeInIndex = 0; path = TgTemplatesWatch.app; sourceTree = BUILT_PRODUCTS_DIR; };
		A30000400000000000000000 /* WidgetTemplate.swift */ = {isa = PBXFileReference; lastKnownFileType = sourcecode.swift; path = WidgetTemplate.swift; sourceTree = "<group>"; };
		A30000410000000000000000 /* UserDefaults+Watch.swift */ = {isa = PBXFileReference; lastKnownFileType = sourcecode.swift; path = "UserDefaults+Watch.swift"; sourceTree = "<group>"; };
		A30000420000000000000000 /* TemplateListView.swift */ = {isa = PBXFileReference; lastKnownFileType = sourcecode.swift; path = TemplateListView.swift; sourceTree = "<group>"; };
		A30000430000000000000000 /* TemplateRowView.swift */ = {isa = PBXFileReference; lastKnownFileType = sourcecode.swift; path = TemplateRowView.swift; sourceTree = "<group>"; };
		A30000440000000000000000 /* TemplateDetailView.swift */ = {isa = PBXFileReference; lastKnownFileType = sourcecode.swift; path = TemplateDetailView.swift; sourceTree = "<group>"; };
		A30000450000000000000000 /* WatchSendTemplateIntent.swift */ = {isa = PBXFileReference; lastKnownFileType = sourcecode.swift; path = WatchSendTemplateIntent.swift; sourceTree = "<group>"; };
/* End PBXFileReference section */

/* Begin PBXFrameworksBuildPhase section */
		A10000200000000000000000 /* Frameworks */ = {
			isa = PBXFrameworksBuildPhase;
			buildActionMask = 2147483647;
			files = (
				21B9E0182EEBDFE700B05255 /* TDLibKit in Frameworks */,
			);
			runOnlyForDeploymentPostprocessing = 0;
		};
		A200000B0000000000000000 /* Frameworks */ = {
			isa = PBXFrameworksBuildPhase;
			buildActionMask = 2147483647;
			files = (
				A20000020000000000000010 /* SwiftUI.framework in Frameworks */,
				A20000010000000000000010 /* WidgetKit.framework in Frameworks */,
			);
			runOnlyForDeploymentPostprocessing = 0;
		};
		A30000080000000000000000 /* Frameworks */ = {
			isa = PBXFrameworksBuildPhase;
			buildActionMask = 2147483647;
			files = (
			);
			runOnlyForDeploymentPostprocessing = 0;
		};
/* End PBXFrameworksBuildPhase section */

/* Begin PBXGroup section */
		A00000010000000000000000 = {
			isa = PBXGroup;
			children = (
				A10000300000000000000000 /* TgTemplates */,
				A20000200000000000000000 /* TgTemplatesWidget */,
				A30000200000000000000000 /* TgTemplatesWatch */,
				A00000020000000000000000 /* Frameworks */,
				A00000030000000000000000 /* Products */,
			);
			sourceTree = "<group>";
		};
		A00000020000000000000000 /* Frameworks */ = {
			isa = PBXGroup;
			children = (
				A20000010000000000000000 /* WidgetKit.framework */,
				A20000020000000000000000 /* SwiftUI.framework */,
			);
			name = Frameworks;
			sourceTree = "<group>";
		};
		A00000030000000000000000 /* Products */ = {
			isa = PBXGroup;
			children = (
				A10000150000000000000000 /* TgTemplates.app */,
				A20000100000000000000000 /* TgTemplatesWidgetExtension.appex */,
				A30000100000000000000000 /* TgTemplatesWatch.app */,
			);
			name = Products;
			sourceTree = "<group>";
		};
		A10000300000000000000000 /* TgTemplates */ = {
			isa = PBXGroup;
			children = (
				A10000010000000000000000 /* TgTemplatesApp.swift */,
				A10000310000000000000000 /* Config */,
				A10000320000000000000000 /* Models */,
				A10000330000000000000000 /* Services */,
				A10000340000000000000000 /* Views */,
				A10000350000000000000000 /* Extensions */,
				A10000360000000000000000 /* Resources */,
				A10000160000000000000000 /* Info.plist */,
				A10000170000000000000000 /* TgTemplates.entitlements */,
			);
			path = TgTemplates;
			sourceTree = "<group>";
		};
		A10000310000000000000000 /* Config */ = {
			isa = PBXGroup;
			children = (
				A10000070000000000000000 /* TelegramConfig.swift */,
			);
			path = Config;
			sourceTree = "<group>";
		};
		A10000320000000000000000 /* Models */ = {
			isa = PBXGroup;
			children = (
				A10000030000000000000000 /* Template.swift */,
				A10000040000000000000000 /* TelegramGroup.swift */,
				A10000180000000000000000 /* WidgetTemplate.swift */,
			);
			path = Models;
			sourceTree = "<group>";
		};
		A10000330000000000000000 /* Services */ = {
			isa = PBXGroup;
			children = (
				A10000050000000000000000 /* TelegramService.swift */,
				A10000060000000000000000 /* LocationService.swift */,
			);
			path = Services;
			sourceTree = "<group>";
		};
		A10000340000000000000000 /* Views */ = {
			isa = PBXGroup;
			children = (
				A10000020000000000000000 /* ContentView.swift */,
				A10000370000000000000000 /* Auth */,
				A10000380000000000000000 /* Templates */,
				A10000390000000000000000 /* Groups */,
				A100003A0000000000000000 /* Settings */,
			);
			path = Views;
			sourceTree = "<group>";
		};
		A10000350000000000000000 /* Extensions */ = {
			isa = PBXGroup;
			children = (
				A10000080000000000000000 /* UserDefaults+AppGroup.swift */,
			);
			path = Extensions;
			sourceTree = "<group>";
		};
		A10000360000000000000000 /* Resources */ = {
			isa = PBXGroup;
			children = (
				A10000140000000000000000 /* Assets.xcassets */,
			);
			path = Resources;
			sourceTree = "<group>";
		};
		A10000370000000000000000 /* Auth */ = {
			isa = PBXGroup;
			children = (
				A10000090000000000000000 /* AuthView.swift */,
				A100000A0000000000000000 /* PhoneInputView.swift */,
				A100000B0000000000000000 /* CodeInputView.swift */,
				A100000C0000000000000000 /* PasswordInputView.swift */,
				A100000D0000000000000000 /* ErrorView.swift */,
			);
			path = Auth;
			sourceTree = "<group>";
		};
		A10000380000000000000000 /* Templates */ = {
			isa = PBXGroup;
			children = (
				A100000E0000000000000000 /* TemplateListView.swift */,
				A100000F0000000000000000 /* TemplateEditView.swift */,
				A10000100000000000000000 /* TemplateButtonView.swift */,
				A10000110000000000000000 /* IconPickerView.swift */,
			);
			path = Templates;
			sourceTree = "<group>";
		};
		A10000390000000000000000 /* Groups */ = {
			isa = PBXGroup;
			children = (
				A10000120000000000000000 /* GroupPickerView.swift */,
			);
			path = Groups;
			sourceTree = "<group>";
		};
		A100003A0000000000000000 /* Settings */ = {
			isa = PBXGroup;
			children = (
				A10000130000000000000000 /* SettingsView.swift */,
			);
			path = Settings;
			sourceTree = "<group>";
		};
		A20000200000000000000000 /* TgTemplatesWidget */ = {
			isa = PBXGroup;
			children = (
				A20000030000000000000000 /* TgTemplatesWidget.swift */,
				A20000040000000000000000 /* WidgetTemplate.swift */,
				A20000050000000000000000 /* SendTemplateIntent.swift */,
				A20000060000000000000000 /* Assets.xcassets */,
				A20000110000000000000000 /* Info.plist */,
				A20000120000000000000000 /* TgTemplatesWidgetExtension.entitlements */,
			);
			path = TgTemplatesWidget;
			sourceTree = "<group>";
		};
		A30000200000000000000000 /* TgTemplatesWatch */ = {
			isa = PBXGroup;
			children = (
				A30000010000000000000000 /* TgTemplatesWatchApp.swift */,
				A30000020000000000000000 /* ContentView.swift */,
				A30000420000000000000000 /* TemplateListView.swift */,
				A30000430000000000000000 /* TemplateRowView.swift */,
				A30000440000000000000000 /* TemplateDetailView.swift */,
				A30000400000000000000000 /* WidgetTemplate.swift */,
				A30000410000000000000000 /* UserDefaults+Watch.swift */,
				A30000450000000000000000 /* WatchSendTemplateIntent.swift */,
				A30000030000000000000000 /* Assets.xcassets */,
				A30000070000000000000000 /* TgTemplatesWatch.entitlements */,
			);
			path = TgTemplatesWatch;
			sourceTree = "<group>";
		};
/* End PBXGroup section */

/* Begin PBXNativeTarget section */
		A10000400000000000000000 /* TgTemplates */ = {
			isa = PBXNativeTarget;
			buildConfigurationList = A10000500000000000000000 /* Build configuration list for PBXNativeTarget "TgTemplates" */;
			buildPhases = (
				A10000410000000000000000 /* Sources */,
				A10000200000000000000000 /* Frameworks */,
				A10000420000000000000000 /* Resources */,
				A200000A0000000000000000 /* Embed Foundation Extensions */,
				A30000060000000000000000 /* Embed Watch Content */,
			);
			buildRules = (
			);
			dependencies = (
				A20000090000000000000000 /* PBXTargetDependency */,
				A30000090000000000000000 /* PBXTargetDependency */,
			);
			name = TgTemplates;
			productName = TgTemplates;
			productReference = A10000150000000000000000 /* TgTemplates.app */;
			productType = "com.apple.product-type.application";
		};
		A200000F0000000000000000 /* TgTemplatesWidgetExtension */ = {
			isa = PBXNativeTarget;
			buildConfigurationList = A20000300000000000000000 /* Build configuration list for PBXNativeTarget "TgTemplatesWidgetExtension" */;
			buildPhases = (
				A200000C0000000000000000 /* Sources */,
				A200000B0000000000000000 /* Frameworks */,
				A200000D0000000000000000 /* Resources */,
			);
			buildRules = (
			);
			dependencies = (
			);
			name = TgTemplatesWidgetExtension;
			productName = TgTemplatesWidgetExtension;
			productReference = A20000100000000000000000 /* TgTemplatesWidgetExtension.appex */;
			productType = "com.apple.product-type.app-extension";
		};
		A300000F0000000000000000 /* TgTemplatesWatch */ = {
			isa = PBXNativeTarget;
			buildConfigurationList = A30000300000000000000000 /* Build configuration list for PBXNativeTarget "TgTemplatesWatch" */;
			buildPhases = (
				A300000C0000000000000000 /* Sources */,
				A30000080000000000000000 /* Frameworks */,
				A300000D0000000000000000 /* Resources */,
			);
			buildRules = (
			);
			dependencies = (
			);
			name = TgTemplatesWatch;
			productName = TgTemplatesWatch;
			productReference = A30000100000000000000000 /* TgTemplatesWatch.app */;
			productType = "com.apple.product-type.application";
		};
/* End PBXNativeTarget section */

/* Begin PBXProject section */
		A00000000000000000000000 /* Project object */ = {
			isa = PBXProject;
			attributes = {
				BuildIndependentTargetsInParallel = 1;
				LastSwiftUpdateCheck = 1500;
				LastUpgradeCheck = 1500;
				TargetAttributes = {
					A10000400000000000000000 = {
						CreatedOnToolsVersion = 15.0;
					};
					A200000F0000000000000000 = {
						CreatedOnToolsVersion = 15.0;
					};
					A300000F0000000000000000 = {
						CreatedOnToolsVersion = 15.0;
					};
				};
			};
			buildConfigurationList = A00000100000000000000000 /* Build configuration list for PBXProject "TgTemplates" */;
			compatibilityVersion = "Xcode 14.0";
			developmentRegion = en;
			hasScannedForEncodings = 0;
			knownRegions = (
				en,
				Base,
			);
			mainGroup = A00000010000000000000000;
			packageReferences = (
				21B9E0162EEBDFE700B05255 /* XCRemoteSwiftPackageReference "TDLibKit" */,
			);
			productRefGroup = A00000030000000000000000 /* Products */;
			projectDirPath = "";
			projectRoot = "";
			targets = (
				A10000400000000000000000 /* TgTemplates */,
				A200000F0000000000000000 /* TgTemplatesWidgetExtension */,
				A300000F0000000000000000 /* TgTemplatesWatch */,
			);
		};
/* End PBXProject section */

/* Begin PBXResourcesBuildPhase section */
		A10000420000000000000000 /* Resources */ = {
			isa = PBXResourcesBuildPhase;
			buildActionMask = 2147483647;
			files = (
				A10000140000000000000010 /* Assets.xcassets in Resources */,
			);
			runOnlyForDeploymentPostprocessing = 0;
		};
		A200000D0000000000000000 /* Resources */ = {
			isa = PBXResourcesBuildPhase;
			buildActionMask = 2147483647;
			files = (
				A20000060000000000000010 /* Assets.xcassets in Resources */,
			);
			runOnlyForDeploymentPostprocessing = 0;
		};
		A300000D0000000000000000 /* Resources */ = {
			isa = PBXResourcesBuildPhase;
			buildActionMask = 2147483647;
			files = (
				A30000030000000000000010 /* Assets.xcassets in Resources */,
			);
			runOnlyForDeploymentPostprocessing = 0;
		};
/* End PBXResourcesBuildPhase section */

/* Begin PBXSourcesBuildPhase section */
		A10000410000000000000000 /* Sources */ = {
			isa = PBXSourcesBuildPhase;
			buildActionMask = 2147483647;
			files = (
				A10000010000000000000010 /* TgTemplatesApp.swift in Sources */,
				A10000020000000000000010 /* ContentView.swift in Sources */,
				A10000030000000000000010 /* Template.swift in Sources */,
				A10000040000000000000010 /* TelegramGroup.swift in Sources */,
				A10000180000000000000010 /* WidgetTemplate.swift in Sources */,
				A10000050000000000000010 /* TelegramService.swift in Sources */,
				A10000060000000000000010 /* LocationService.swift in Sources */,
				A10000070000000000000010 /* TelegramConfig.swift in Sources */,
				A10000080000000000000010 /* UserDefaults+AppGroup.swift in Sources */,
				A10000090000000000000010 /* AuthView.swift in Sources */,
				A100000A0000000000000010 /* PhoneInputView.swift in Sources */,
				A100000B0000000000000010 /* CodeInputView.swift in Sources */,
				A100000C0000000000000010 /* PasswordInputView.swift in Sources */,
				A100000D0000000000000010 /* ErrorView.swift in Sources */,
				A100000E0000000000000010 /* TemplateListView.swift in Sources */,
				A100000F0000000000000010 /* TemplateEditView.swift in Sources */,
				A10000100000000000000010 /* TemplateButtonView.swift in Sources */,
				A10000110000000000000010 /* IconPickerView.swift in Sources */,
				A10000120000000000000010 /* GroupPickerView.swift in Sources */,
				A10000130000000000000010 /* SettingsView.swift in Sources */,
			);
			runOnlyForDeploymentPostprocessing = 0;
		};
		A200000C0000000000000000 /* Sources */ = {
			isa = PBXSourcesBuildPhase;
			buildActionMask = 2147483647;
			files = (
				A20000030000000000000010 /* TgTemplatesWidget.swift in Sources */,
				A20000040000000000000010 /* WidgetTemplate.swift in Sources */,
				A20000050000000000000010 /* SendTemplateIntent.swift in Sources */,
			);
			runOnlyForDeploymentPostprocessing = 0;
		};
		A300000C0000000000000000 /* Sources */ = {
			isa = PBXSourcesBuildPhase;
			buildActionMask = 2147483647;
			files = (
				A30000010000000000000010 /* TgTemplatesWatchApp.swift in Sources */,
				A30000020000000000000010 /* ContentView.swift in Sources */,
				A30000420000000000000010 /* TemplateListView.swift in Sources */,
				A30000430000000000000010 /* TemplateRowView.swift in Sources */,
				A30000440000000000000010 /* TemplateDetailView.swift in Sources */,
				A30000400000000000000010 /* WidgetTemplate.swift in Sources */,
				A30000410000000000000010 /* UserDefaults+Watch.swift in Sources */,
				A30000450000000000000010 /* WatchSendTemplateIntent.swift in Sources */,
			);
			runOnlyForDeploymentPostprocessing = 0;
		};
/* End PBXSourcesBuildPhase section */

/* Begin PBXTargetDependency section */
		A20000090000000000000000 /* PBXTargetDependency */ = {
			isa = PBXTargetDependency;
			target = A200000F0000000000000000 /* TgTemplatesWidgetExtension */;
			targetProxy = A20000080000000000000000 /* PBXContainerItemProxy */;
		};
		A30000090000000000000000 /* PBXTargetDependency */ = {
			isa = PBXTargetDependency;
			target = A300000F0000000000000000 /* TgTemplatesWatch */;
			targetProxy = A30000050000000000000000 /* PBXContainerItemProxy */;
		};
/* End PBXTargetDependency section */

/* Begin XCBuildConfiguration section */
		A00000110000000000000000 /* Debug */ = {
			isa = XCBuildConfiguration;
			buildSettings = {
				ALWAYS_SEARCH_USER_PATHS = NO;
				ASSETCATALOG_COMPILER_GENERATE_SWIFT_ASSET_SYMBOL_EXTENSIONS = YES;
				CLANG_ANALYZER_NONNULL = YES;
				CLANG_ANALYZER_NUMBER_OBJECT_CONVERSION = YES_AGGRESSIVE;
				CLANG_CXX_LANGUAGE_STANDARD = "gnu++20";
				CLANG_ENABLE_MODULES = YES;
				CLANG_ENABLE_OBJC_ARC = YES;
				CLANG_ENABLE_OBJC_WEAK = YES;
				CLANG_WARN_BLOCK_CAPTURE_AUTORELEASING = YES;
				CLANG_WARN_BOOL_CONVERSION = YES;
				CLANG_WARN_COMMA = YES;
				CLANG_WARN_CONSTANT_CONVERSION = YES;
				CLANG_WARN_DEPRECATED_OBJC_IMPLEMENTATIONS = YES;
				CLANG_WARN_DIRECT_OBJC_ISA_USAGE = YES_ERROR;
				CLANG_WARN_DOCUMENTATION_COMMENTS = YES;
				CLANG_WARN_EMPTY_BODY = YES;
				CLANG_WARN_ENUM_CONVERSION = YES;
				CLANG_WARN_INFINITE_RECURSION = YES;
				CLANG_WARN_INT_CONVERSION = YES;
				CLANG_WARN_NON_LITERAL_NULL_CONVERSION = YES;
				CLANG_WARN_OBJC_IMPLICIT_RETAIN_SELF = YES;
				CLANG_WARN_OBJC_LITERAL_CONVERSION = YES;
				CLANG_WARN_OBJC_ROOT_CLASS = YES_ERROR;
				CLANG_WARN_QUOTED_INCLUDE_IN_FRAMEWORK_HEADER = YES;
				CLANG_WARN_RANGE_LOOP_ANALYSIS = YES;
				CLANG_WARN_STRICT_PROTOTYPES = YES;
				CLANG_WARN_SUSPICIOUS_MOVE = YES;
				CLANG_WARN_UNGUARDED_AVAILABILITY = YES_AGGRESSIVE;
				CLANG_WARN_UNREACHABLE_CODE = YES;
				CLANG_WARN__DUPLICATE_METHOD_MATCH = YES;
				COPY_PHASE_STRIP = NO;
				DEBUG_INFORMATION_FORMAT = dwarf;
				ENABLE_STRICT_OBJC_MSGSEND = YES;
				ENABLE_TESTABILITY = YES;
				ENABLE_USER_SCRIPT_SANDBOXING = YES;
				GCC_C_LANGUAGE_STANDARD = gnu17;
				GCC_DYNAMIC_NO_PIC = NO;
				GCC_NO_COMMON_BLOCKS = YES;
				GCC_OPTIMIZATION_LEVEL = 0;
				GCC_PREPROCESSOR_DEFINITIONS = (
					"DEBUG=1",
					"$(inherited)",
				);
				GCC_WARN_64_TO_32_BIT_CONVERSION = YES;
				GCC_WARN_ABOUT_RETURN_TYPE = YES_ERROR;
				GCC_WARN_UNDECLARED_SELECTOR = YES;
				GCC_WARN_UNINITIALIZED_AUTOS = YES_AGGRESSIVE;
				GCC_WARN_UNUSED_FUNCTION = YES;
				GCC_WARN_UNUSED_VARIABLE = YES;
				IPHONEOS_DEPLOYMENT_TARGET = 17.0;
				LOCALIZATION_PREFERS_STRING_CATALOGS = YES;
				MTL_ENABLE_DEBUG_INFO = INCLUDE_SOURCE;
				MTL_FAST_MATH = YES;
				ONLY_ACTIVE_ARCH = YES;
				SDKROOT = iphoneos;
				SWIFT_ACTIVE_COMPILATION_CONDITIONS = "DEBUG $(inherited)";
				SWIFT_OPTIMIZATION_LEVEL = "-Onone";
			};
			name = Debug;
		};
		A00000120000000000000000 /* Release */ = {
			isa = XCBuildConfiguration;
			buildSettings = {
				ALWAYS_SEARCH_USER_PATHS = NO;
				ASSETCATALOG_COMPILER_GENERATE_SWIFT_ASSET_SYMBOL_EXTENSIONS = YES;
				CLANG_ANALYZER_NONNULL = YES;
				CLANG_ANALYZER_NUMBER_OBJECT_CONVERSION = YES_AGGRESSIVE;
				CLANG_CXX_LANGUAGE_STANDARD = "gnu++20";
				CLANG_ENABLE_MODULES = YES;
				CLANG_ENABLE_OBJC_ARC = YES;
				CLANG_ENABLE_OBJC_WEAK = YES;
				CLANG_WARN_BLOCK_CAPTURE_AUTORELEASING = YES;
				CLANG_WARN_BOOL_CONVERSION = YES;
				CLANG_WARN_COMMA = YES;
				CLANG_WARN_CONSTANT_CONVERSION = YES;
				CLANG_WARN_DEPRECATED_OBJC_IMPLEMENTATIONS = YES;
				CLANG_WARN_DIRECT_OBJC_ISA_USAGE = YES_ERROR;
				CLANG_WARN_DOCUMENTATION_COMMENTS = YES;
				CLANG_WARN_EMPTY_BODY = YES;
				CLANG_WARN_ENUM_CONVERSION = YES;
				CLANG_WARN_INFINITE_RECURSION = YES;
				CLANG_WARN_INT_CONVERSION = YES;
				CLANG_WARN_NON_LITERAL_NULL_CONVERSION = YES;
				CLANG_WARN_OBJC_IMPLICIT_RETAIN_SELF = YES;
				CLANG_WARN_OBJC_LITERAL_CONVERSION = YES;
				CLANG_WARN_OBJC_ROOT_CLASS = YES_ERROR;
				CLANG_WARN_QUOTED_INCLUDE_IN_FRAMEWORK_HEADER = YES;
				CLANG_WARN_RANGE_LOOP_ANALYSIS = YES;
				CLANG_WARN_STRICT_PROTOTYPES = YES;
				CLANG_WARN_SUSPICIOUS_MOVE = YES;
				CLANG_WARN_UNGUARDED_AVAILABILITY = YES_AGGRESSIVE;
				CLANG_WARN_UNREACHABLE_CODE = YES;
				CLANG_WARN__DUPLICATE_METHOD_MATCH = YES;
				COPY_PHASE_STRIP = NO;
				DEBUG_INFORMATION_FORMAT = "dwarf-with-dsym";
				ENABLE_NS_ASSERTIONS = NO;
				ENABLE_STRICT_OBJC_MSGSEND = YES;
				ENABLE_USER_SCRIPT_SANDBOXING = YES;
				GCC_C_LANGUAGE_STANDARD = gnu17;
				GCC_NO_COMMON_BLOCKS = YES;
				GCC_WARN_64_TO_32_BIT_CONVERSION = YES;
				GCC_WARN_ABOUT_RETURN_TYPE = YES_ERROR;
				GCC_WARN_UNDECLARED_SELECTOR = YES;
				GCC_WARN_UNINITIALIZED_AUTOS = YES_AGGRESSIVE;
				GCC_WARN_UNUSED_FUNCTION = YES;
				GCC_WARN_UNUSED_VARIABLE = YES;
				IPHONEOS_DEPLOYMENT_TARGET = 17.0;
				LOCALIZATION_PREFERS_STRING_CATALOGS = YES;
				MTL_ENABLE_DEBUG_INFO = NO;
				MTL_FAST_MATH = YES;
				SDKROOT = iphoneos;
				SWIFT_COMPILATION_MODE = wholemodule;
				VALIDATE_PRODUCT = YES;
			};
			name = Release;
		};
		A10000510000000000000000 /* Debug */ = {
			isa = XCBuildConfiguration;
			buildSettings = {
				ASSETCATALOG_COMPILER_APPICON_NAME = AppIcon;
				ASSETCATALOG_COMPILER_GLOBAL_ACCENT_COLOR_NAME = AccentColor;
				CODE_SIGN_ENTITLEMENTS = TgTemplates/TgTemplates.entitlements;
				CODE_SIGN_STYLE = Automatic;
				CURRENT_PROJECT_VERSION = 1;
				DEVELOPMENT_TEAM = RN7338LJV7;
				ENABLE_PREVIEWS = YES;
				GENERATE_INFOPLIST_FILE = YES;
				INFOPLIST_FILE = TgTemplates/Info.plist;
				INFOPLIST_KEY_CFBundleDisplayName = "Tg Templates";
				INFOPLIST_KEY_LSApplicationCategoryType = "public.app-category.productivity";
				INFOPLIST_KEY_NSLocationWhenInUseUsageDescription = "To attach your location to template messages";
				INFOPLIST_KEY_UIApplicationSceneManifest_Generation = YES;
				INFOPLIST_KEY_UIApplicationSupportsIndirectInputEvents = YES;
				INFOPLIST_KEY_UILaunchScreen_Generation = YES;
				INFOPLIST_KEY_UISupportedInterfaceOrientations_iPad = "UIInterfaceOrientationPortrait UIInterfaceOrientationPortraitUpsideDown UIInterfaceOrientationLandscapeLeft UIInterfaceOrientationLandscapeRight";
				INFOPLIST_KEY_UISupportedInterfaceOrientations_iPhone = "UIInterfaceOrientationPortrait UIInterfaceOrientationLandscapeLeft UIInterfaceOrientationLandscapeRight";
				LD_RUNPATH_SEARCH_PATHS = (
					"$(inherited)",
					"@executable_path/Frameworks",
				);
				MARKETING_VERSION = 1.0;
				PRODUCT_BUNDLE_IDENTIFIER = com.sitex.TgTemplates;
				PRODUCT_NAME = "$(TARGET_NAME)";
				SWIFT_EMIT_LOC_STRINGS = YES;
				SWIFT_VERSION = 5.0;
				TARGETED_DEVICE_FAMILY = "1,2";
			};
			name = Debug;
		};
		A10000520000000000000000 /* Release */ = {
			isa = XCBuildConfiguration;
			buildSettings = {
				ASSETCATALOG_COMPILER_APPICON_NAME = AppIcon;
				ASSETCATALOG_COMPILER_GLOBAL_ACCENT_COLOR_NAME = AccentColor;
				CODE_SIGN_ENTITLEMENTS = TgTemplates/TgTemplates.entitlements;
				CODE_SIGN_STYLE = Automatic;
				CURRENT_PROJECT_VERSION = 1;
				DEVELOPMENT_TEAM = RN7338LJV7;
				ENABLE_PREVIEWS = YES;
				GENERATE_INFOPLIST_FILE = YES;
				INFOPLIST_FILE = TgTemplates/Info.plist;
				INFOPLIST_KEY_CFBundleDisplayName = "Tg Templates";
				INFOPLIST_KEY_LSApplicationCategoryType = "public.app-category.productivity";
				INFOPLIST_KEY_NSLocationWhenInUseUsageDescription = "To attach your location to template messages";
				INFOPLIST_KEY_UIApplicationSceneManifest_Generation = YES;
				INFOPLIST_KEY_UIApplicationSupportsIndirectInputEvents = YES;
				INFOPLIST_KEY_UILaunchScreen_Generation = YES;
				INFOPLIST_KEY_UISupportedInterfaceOrientations_iPad = "UIInterfaceOrientationPortrait UIInterfaceOrientationPortraitUpsideDown UIInterfaceOrientationLandscapeLeft UIInterfaceOrientationLandscapeRight";
				INFOPLIST_KEY_UISupportedInterfaceOrientations_iPhone = "UIInterfaceOrientationPortrait UIInterfaceOrientationLandscapeLeft UIInterfaceOrientationLandscapeRight";
				LD_RUNPATH_SEARCH_PATHS = (
					"$(inherited)",
					"@executable_path/Frameworks",
				);
				MARKETING_VERSION = 1.0;
				PRODUCT_BUNDLE_IDENTIFIER = com.sitex.TgTemplates;
				PRODUCT_NAME = "$(TARGET_NAME)";
				SWIFT_EMIT_LOC_STRINGS = YES;
				SWIFT_VERSION = 5.0;
				TARGETED_DEVICE_FAMILY = "1,2";
			};
			name = Release;
		};
		A20000310000000000000000 /* Debug */ = {
			isa = XCBuildConfiguration;
			buildSettings = {
				ASSETCATALOG_COMPILER_GLOBAL_ACCENT_COLOR_NAME = AccentColor;
				ASSETCATALOG_COMPILER_WIDGET_BACKGROUND_COLOR_NAME = WidgetBackground;
				CODE_SIGN_ENTITLEMENTS = TgTemplatesWidget/TgTemplatesWidgetExtension.entitlements;
				CODE_SIGN_STYLE = Automatic;
				CURRENT_PROJECT_VERSION = 1;
				DEVELOPMENT_TEAM = RN7338LJV7;
				GENERATE_INFOPLIST_FILE = YES;
				INFOPLIST_FILE = TgTemplatesWidget/Info.plist;
				INFOPLIST_KEY_CFBundleDisplayName = TgTemplatesWidget;
				INFOPLIST_KEY_NSHumanReadableCopyright = "";
				LD_RUNPATH_SEARCH_PATHS = (
					"$(inherited)",
					"@executable_path/Frameworks",
					"@executable_path/../../Frameworks",
				);
				MARKETING_VERSION = 1.0;
				PRODUCT_BUNDLE_IDENTIFIER = com.sitex.TgTemplates.TgTemplatesWidget;
				PRODUCT_NAME = "$(TARGET_NAME)";
				SKIP_INSTALL = YES;
				SWIFT_EMIT_LOC_STRINGS = YES;
				SWIFT_VERSION = 5.0;
				TARGETED_DEVICE_FAMILY = "1,2";
			};
			name = Debug;
		};
		A20000320000000000000000 /* Release */ = {
			isa = XCBuildConfiguration;
			buildSettings = {
				ASSETCATALOG_COMPILER_GLOBAL_ACCENT_COLOR_NAME = AccentColor;
				ASSETCATALOG_COMPILER_WIDGET_BACKGROUND_COLOR_NAME = WidgetBackground;
				CODE_SIGN_ENTITLEMENTS = TgTemplatesWidget/TgTemplatesWidgetExtension.entitlements;
				CODE_SIGN_STYLE = Automatic;
				CURRENT_PROJECT_VERSION = 1;
				DEVELOPMENT_TEAM = RN7338LJV7;
				GENERATE_INFOPLIST_FILE = YES;
				INFOPLIST_FILE = TgTemplatesWidget/Info.plist;
				INFOPLIST_KEY_CFBundleDisplayName = TgTemplatesWidget;
				INFOPLIST_KEY_NSHumanReadableCopyright = "";
				LD_RUNPATH_SEARCH_PATHS = (
					"$(inherited)",
					"@executable_path/Frameworks",
					"@executable_path/../../Frameworks",
				);
				MARKETING_VERSION = 1.0;
				PRODUCT_BUNDLE_IDENTIFIER = com.sitex.TgTemplates.TgTemplatesWidget;
				PRODUCT_NAME = "$(TARGET_NAME)";
				SKIP_INSTALL = YES;
				SWIFT_EMIT_LOC_STRINGS = YES;
				SWIFT_VERSION = 5.0;
				TARGETED_DEVICE_FAMILY = "1,2";
			};
			name = Release;
		};
		A30000310000000000000000 /* Debug */ = {
			isa = XCBuildConfiguration;
			buildSettings = {
				ASSETCATALOG_COMPILER_APPICON_NAME = AppIcon;
				ASSETCATALOG_COMPILER_GLOBAL_ACCENT_COLOR_NAME = AccentColor;
				CODE_SIGN_ENTITLEMENTS = TgTemplatesWatch/TgTemplatesWatch.entitlements;
				CODE_SIGN_STYLE = Automatic;
				CURRENT_PROJECT_VERSION = 1;
				DEVELOPMENT_TEAM = RN7338LJV7;
				ENABLE_PREVIEWS = YES;
				GENERATE_INFOPLIST_FILE = YES;
				INFOPLIST_KEY_CFBundleDisplayName = TgTemplates;
				INFOPLIST_KEY_UISupportedInterfaceOrientations = "UIInterfaceOrientationPortrait UIInterfaceOrientationPortraitUpsideDown";
				INFOPLIST_KEY_WKCompanionAppBundleIdentifier = com.sitex.TgTemplates;
				LD_RUNPATH_SEARCH_PATHS = (
					"$(inherited)",
					"@executable_path/Frameworks",
				);
				MARKETING_VERSION = 1.0;
				PRODUCT_BUNDLE_IDENTIFIER = com.sitex.TgTemplates.watchkitapp;
				PRODUCT_NAME = "$(TARGET_NAME)";
				SDKROOT = watchos;
				SKIP_INSTALL = YES;
				SWIFT_EMIT_LOC_STRINGS = YES;
				SWIFT_VERSION = 5.0;
				TARGETED_DEVICE_FAMILY = 4;
				WATCHOS_DEPLOYMENT_TARGET = 10.0;
			};
			name = Debug;
		};
		A30000320000000000000000 /* Release */ = {
			isa = XCBuildConfiguration;
			buildSettings = {
				ASSETCATALOG_COMPILER_APPICON_NAME = AppIcon;
				ASSETCATALOG_COMPILER_GLOBAL_ACCENT_COLOR_NAME = AccentColor;
				CODE_SIGN_ENTITLEMENTS = TgTemplatesWatch/TgTemplatesWatch.entitlements;
				CODE_SIGN_STYLE = Automatic;
				CURRENT_PROJECT_VERSION = 1;
				DEVELOPMENT_TEAM = RN7338LJV7;
				ENABLE_PREVIEWS = YES;
				GENERATE_INFOPLIST_FILE = YES;
				INFOPLIST_KEY_CFBundleDisplayName = TgTemplates;
				INFOPLIST_KEY_UISupportedInterfaceOrientations = "UIInterfaceOrientationPortrait UIInterfaceOrientationPortraitUpsideDown";
				INFOPLIST_KEY_WKCompanionAppBundleIdentifier = com.sitex.TgTemplates;
				LD_RUNPATH_SEARCH_PATHS = (
					"$(inherited)",
					"@executable_path/Frameworks",
				);
				MARKETING_VERSION = 1.0;
				PRODUCT_BUNDLE_IDENTIFIER = com.sitex.TgTemplates.watchkitapp;
				PRODUCT_NAME = "$(TARGET_NAME)";
				SDKROOT = watchos;
				SKIP_INSTALL = YES;
				SWIFT_EMIT_LOC_STRINGS = YES;
				SWIFT_VERSION = 5.0;
				TARGETED_DEVICE_FAMILY = 4;
				WATCHOS_DEPLOYMENT_TARGET = 10.0;
			};
			name = Release;
		};
/* End XCBuildConfiguration section */

/* Begin XCConfigurationList section */
		A00000100000000000000000 /* Build configuration list for PBXProject "TgTemplates" */ = {
			isa = XCConfigurationList;
			buildConfigurations = (
				A00000110000000000000000 /* Debug */,
				A00000120000000000000000 /* Release */,
			);
			defaultConfigurationIsVisible = 0;
			defaultConfigurationName = Release;
		};
		A10000500000000000000000 /* Build configuration list for PBXNativeTarget "TgTemplates" */ = {
			isa = XCConfigurationList;
			buildConfigurations = (
				A10000510000000000000000 /* Debug */,
				A10000520000000000000000 /* Release */,
			);
			defaultConfigurationIsVisible = 0;
			defaultConfigurationName = Release;
		};
		A20000300000000000000000 /* Build configuration list for PBXNativeTarget "TgTemplatesWidgetExtension" */ = {
			isa = XCConfigurationList;
			buildConfigurations = (
				A20000310000000000000000 /* Debug */,
				A20000320000000000000000 /* Release */,
			);
			defaultConfigurationIsVisible = 0;
			defaultConfigurationName = Release;
		};
		A30000300000000000000000 /* Build configuration list for PBXNativeTarget "TgTemplatesWatch" */ = {
			isa = XCConfigurationList;
			buildConfigurations = (
				A30000310000000000000000 /* Debug */,
				A30000320000000000000000 /* Release */,
			);
			defaultConfigurationIsVisible = 0;
			defaultConfigurationName = Release;
		};
/* End XCConfigurationList section */

/* Begin XCRemoteSwiftPackageReference section */
		21B9E0162EEBDFE700B05255 /* XCRemoteSwiftPackageReference "TDLibKit" */ = {
			isa = XCRemoteSwiftPackageReference;
			repositoryURL = "https://github.com/Swiftgram/TDLibKit";
			requirement = {
				branch = main;
				kind = branch;
			};
		};
/* End XCRemoteSwiftPackageReference section */

/* Begin XCSwiftPackageProductDependency section */
		21B9E0172EEBDFE700B05255 /* TDLibKit */ = {
			isa = XCSwiftPackageProductDependency;
			package = 21B9E0162EEBDFE700B05255 /* XCRemoteSwiftPackageReference "TDLibKit" */;
			productName = TDLibKit;
		};
/* End XCSwiftPackageProductDependency section */
	};
	rootObject = A00000000000000000000000 /* Project object */;
}
