{
  "originHash" : "f0c8d5e3a2b1948576c3d2e1f0a9b8c7d6e5f4a3b2c1d0e9f8a7b6c5d4e3f2a1",
  "pins" : [
    {
      "identity" : "tdlibframework",
      "kind" : "remoteSourceControl",
      "location" : "https://github.com/Swiftgram/TDLibFramework",
      "state" : {
        "revision" : "88cd81196d8da16813f822d972e268cb411eb8a4",
        "version" : "1.8.58-a9a8353d"
      }
    },
    {
      "identity" : "tdlibkit",
      "kind" : "remoteSourceControl",
      "location" : "https://github.com/Swiftgram/TDLibKit",
      "state" : {
        "branch" : "main",
        "revision" : "0bada0c3d5882f7adf76c396458890bb0de08fec"
      }
    }
  ],
  "version" : 3
}
