{
  "originHash" : "9b6718de45ad8f7d2e8e0b2e2acbacb7b37160e058506358a546992b56d01166",
  "pins" : [
    {
      "identity" : "tdlibframework",
      "kind" : "remoteSourceControl",
      "location" : "https://github.com/Swiftgram/TDLibFramework",
      "state" : {
        "revision" : "88cd81196d8da16813f822d972e268cb411eb8a4",
        "version" : "1.8.58-a9a8353d"
      }
    },
    {
      "identity" : "tdlibkit",
      "kind" : "remoteSourceControl",
      "location" : "https://github.com/Swiftgram/TDLibKit",
      "state" : {
        "branch" : "main",
        "revision" : "0bada0c3d5882f7adf76c396458890bb0de08fec"
      }
    }
  ],
  "version" : 3
}
